// !$*UTF8*$!
{
	archiveVersion = 1;
	classes = {
	};
	objectVersion = 77;
	objects = {

/* Begin PBXBuildFile section */
		7A7530AB2D95E688000815DA /* FirebaseAnalytics in Frameworks */ = {isa = PBXBuildFile; productRef = 7A7530AA2D95E688000815DA /* FirebaseAnalytics */; };
		7A7530AD2D95E688000815DA /* FirebaseAuth in Frameworks */ = {isa = PBXBuildFile; productRef = 7A7530AC2D95E688000815DA /* FirebaseAuth */; };
		7A7530AF2D95E688000815DA /* FirebaseCrashlytics in Frameworks */ = {isa = PBXBuildFile; productRef = 7A7530AE2D95E688000815DA /* FirebaseCrashlytics */; };
		7A7530B12D95E688000815DA /* FirebaseFirestore in Frameworks */ = {isa = PBXBuildFile; productRef = 7A7530B02D95E688000815DA /* FirebaseFirestore */; };
		7A7530B32D95E688000815DA /* FirebaseStorage in Frameworks */ = {isa = PBXBuildFile; productRef = 7A7530B22D95E688000815DA /* FirebaseStorage */; };
/* End PBXBuildFile section */

/* Begin PBXContainerItemProxy section */
		7A072C1D2DC4725500984263 /* PBXContainerItemProxy */ = {
			isa = PBXContainerItemProxy;
			containerPortal = 7A75308E2D93414F000815DA /* Project object */;
			proxyType = 1;
			remoteGlobalIDString = 7A7530952D93414F000815DA;
			remoteInfo = Fintrack_App;
		};
/* End PBXContainerItemProxy section */

/* Begin PBXFileReference section */
		7A072C192DC4725500984263 /* Fintrack_AppTests.xctest */ = {isa = PBXFileReference; explicitFileType = wrapper.cfbundle; includeInIndex = 0; path = Fintrack_AppTests.xctest; sourceTree = BUILT_PRODUCTS_DIR; };
		7A7530962D93414F000815DA /* Fintrack_App.app */ = {isa = PBXFileReference; explicitFileType = wrapper.application; includeInIndex = 0; path = Fintrack_App.app; sourceTree = BUILT_PRODUCTS_DIR; };
/* End PBXFileReference section */

/* Begin PBXFileSystemSynchronizedRootGroup section */
		7A072C1A2DC4725500984263 /* Fintrack_AppTests */ = {
			isa = PBXFileSystemSynchronizedRootGroup;
			path = Fintrack_AppTests;
			sourceTree = "<group>";
		};
		7A7530982D93414F000815DA /* Fintrack_App */ = {
			isa = PBXFileSystemSynchronizedRootGroup;
			path = Fintrack_App;
			sourceTree = "<group>";
		};
/* End PBXFileSystemSynchronizedRootGroup section */

/* Begin PBXFrameworksBuildPhase section */
		7A072C162DC4725500984263 /* Frameworks */ = {
			isa = PBXFrameworksBuildPhase;
			buildActionMask = 2147483647;
			files = (
			);
			runOnlyForDeploymentPostprocessing = 0;
		};
		7A7530932D93414F000815DA /* Frameworks */ = {
			isa = PBXFrameworksBuildPhase;
			buildActionMask = 2147483647;
			files = (
				7A7530AF2D95E688000815DA /* FirebaseCrashlytics in Frameworks */,
				7A7530B12D95E688000815DA /* FirebaseFirestore in Frameworks */,
				7A7530AB2D95E688000815DA /* FirebaseAnalytics in Frameworks */,
				7A7530B32D95E688000815DA /* FirebaseStorage in Frameworks */,
				7A7530AD2D95E688000815DA /* FirebaseAuth in Frameworks */,
			);
			runOnlyForDeploymentPostprocessing = 0;
		};
/* End PBXFrameworksBuildPhase section */

/* Begin PBXGroup section */
		7A75308D2D93414F000815DA = {
			isa = PBXGroup;
			children = (
				7A7530982D93414F000815DA /* Fintrack_App */,
				7A072C1A2DC4725500984263 /* Fintrack_AppTests */,
				7A7530972D93414F000815DA /* Products */,
			);
			sourceTree = "<group>";
		};
		7A7530972D93414F000815DA /* Products */ = {
			isa = PBXGroup;
			children = (
				7A7530962D93414F000815DA /* Fintrack_App.app */,
				7A072C192DC4725500984263 /* Fintrack_AppTests.xctest */,
			);
			name = Products;
			sourceTree = "<group>";
		};
/* End PBXGroup section */

/* Begin PBXNativeTarget section */
		7A072C182DC4725500984263 /* Fintrack_AppTests */ = {
			isa = PBXNativeTarget;
			buildConfigurationList = 7A072C1F2DC4725500984263 /* Build configuration list for PBXNativeTarget "Fintrack_AppTests" */;
			buildPhases = (
				7A072C152DC4725500984263 /* Sources */,
				7A072C162DC4725500984263 /* Frameworks */,
				7A072C172DC4725500984263 /* Resources */,
			);
			buildRules = (
			);
			dependencies = (
				7A072C1E2DC4725500984263 /* PBXTargetDependency */,
			);
			fileSystemSynchronizedGroups = (
				7A072C1A2DC4725500984263 /* Fintrack_AppTests */,
			);
			name = Fintrack_AppTests;
			packageProductDependencies = (
			);
			productName = Fintrack_AppTests;
			productReference = 7A072C192DC4725500984263 /* Fintrack_AppTests.xctest */;
			productType = "com.apple.product-type.bundle.unit-test";
		};
		7A7530952D93414F000815DA /* Fintrack_App */ = {
			isa = PBXNativeTarget;
			buildConfigurationList = 7A7530A42D934152000815DA /* Build configuration list for PBXNativeTarget "Fintrack_App" */;
			buildPhases = (
				7A7530922D93414F000815DA /* Sources */,
				7A7530932D93414F000815DA /* Frameworks */,
				7A7530942D93414F000815DA /* Resources */,
			);
			buildRules = (
			);
			dependencies = (
			);
			fileSystemSynchronizedGroups = (
				7A7530982D93414F000815DA /* Fintrack_App */,
			);
			name = Fintrack_App;
			packageProductDependencies = (
				7A7530AA2D95E688000815DA /* FirebaseAnalytics */,
				7A7530AC2D95E688000815DA /* FirebaseAuth */,
				7A7530AE2D95E688000815DA /* FirebaseCrashlytics */,
				7A7530B02D95E688000815DA /* FirebaseFirestore */,
				7A7530B22D95E688000815DA /* FirebaseStorage */,
			);
			productName = Fintrack_App;
			productReference = 7A7530962D93414F000815DA /* Fintrack_App.app */;
			productType = "com.apple.product-type.application";
		};
/* End PBXNativeTarget section */

/* Begin PBXProject section */
		7A75308E2D93414F000815DA /* Project object */ = {
			isa = PBXProject;
			attributes = {
				BuildIndependentTargetsInParallel = 1;
				LastSwiftUpdateCheck = 1630;
				LastUpgradeCheck = 1620;
				TargetAttributes = {
					7A072C182DC4725500984263 = {
						CreatedOnToolsVersion = 16.3;
						TestTargetID = 7A7530952D93414F000815DA;
					};
					7A7530952D93414F000815DA = {
						CreatedOnToolsVersion = 16.2;
					};
				};
			};
			buildConfigurationList = 7A7530912D93414F000815DA /* Build configuration list for PBXProject "Fintrack_App" */;
			developmentRegion = en;
			hasScannedForEncodings = 0;
			knownRegions = (
				en,
				Base,
			);
			mainGroup = 7A75308D2D93414F000815DA;
			minimizedProjectReferenceProxies = 1;
			packageReferences = (
				7A7530A92D95E688000815DA /* XCRemoteSwiftPackageReference "firebase-ios-sdk" */,
			);
			preferredProjectObjectVersion = 77;
			productRefGroup = 7A7530972D93414F000815DA /* Products */;
			projectDirPath = "";
			projectRoot = "";
			targets = (
				7A7530952D93414F000815DA /* Fintrack_App */,
				7A072C182DC4725500984263 /* Fintrack_AppTests */,
			);
		};
/* End PBXProject section */

/* Begin PBXResourcesBuildPhase section */
		7A072C172DC4725500984263 /* Resources */ = {
			isa = PBXResourcesBuildPhase;
			buildActionMask = 2147483647;
			files = (
			);
			runOnlyForDeploymentPostprocessing = 0;
		};
		7A7530942D93414F000815DA /* Resources */ = {
			isa = PBXResourcesBuildPhase;
			buildActionMask = 2147483647;
			files = (
			);
			runOnlyForDeploymentPostprocessing = 0;
		};
/* End PBXResourcesBuildPhase section */

/* Begin PBXSourcesBuildPhase section */
		7A072C152DC4725500984263 /* Sources */ = {
			isa = PBXSourcesBuildPhase;
			buildActionMask = 2147483647;
			files = (
			);
			runOnlyForDeploymentPostprocessing = 0;
		};
		7A7530922D93414F000815DA /* Sources */ = {
			isa = PBXSourcesBuildPhase;
			buildActionMask = 2147483647;
			files = (
			);
			runOnlyForDeploymentPostprocessing = 0;
		};
/* End PBXSourcesBuildPhase section */

/* Begin PBXTargetDependency section */
		7A072C1E2DC4725500984263 /* PBXTargetDependency */ = {
			isa = PBXTargetDependency;
			target = 7A7530952D93414F000815DA /* Fintrack_App */;
			targetProxy = 7A072C1D2DC4725500984263 /* PBXContainerItemProxy */;
		};
/* End PBXTargetDependency section */

/* Begin XCBuildConfiguration section */
		7A072C202DC4725500984263 /* Debug */ = {
			isa = XCBuildConfiguration;
			buildSettings = {
				BUNDLE_LOADER = "$(TEST_HOST)";
				CODE_SIGN_STYLE = Automatic;
				CURRENT_PROJECT_VERSION = 1;
				GENERATE_INFOPLIST_FILE = YES;
				IPHONEOS_DEPLOYMENT_TARGET = 18.4;
				MARKETING_VERSION = 1.0;
				PRODUCT_BUNDLE_IDENTIFIER = "-11-group-4.Fintrack-AppTests";
				PRODUCT_NAME = "$(TARGET_NAME)";
				SWIFT_EMIT_LOC_STRINGS = NO;
				SWIFT_VERSION = 5.0;
				TARGETED_DEVICE_FAMILY = "1,2";
				TEST_HOST = "$(BUILT_PRODUCTS_DIR)/Fintrack_App.app/$(BUNDLE_EXECUTABLE_FOLDER_PATH)/Fintrack_App";
			};
			name = Debug;
		};
		7A072C212DC4725500984263 /* Release */ = {
			isa = XCBuildConfiguration;
			buildSettings = {
				BUNDLE_LOADER = "$(TEST_HOST)";
				CODE_SIGN_STYLE = Automatic;
				CURRENT_PROJECT_VERSION = 1;
				GENERATE_INFOPLIST_FILE = YES;
				IPHONEOS_DEPLOYMENT_TARGET = 18.4;
				MARKETING_VERSION = 1.0;
				PRODUCT_BUNDLE_IDENTIFIER = "-11-group-4.Fintrack-AppTests";
				PRODUCT_NAME = "$(TARGET_NAME)";
				SWIFT_EMIT_LOC_STRINGS = NO;
				SWIFT_VERSION = 5.0;
				TARGETED_DEVICE_FAMILY = "1,2";
				TEST_HOST = "$(BUILT_PRODUCTS_DIR)/Fintrack_App.app/$(BUNDLE_EXECUTABLE_FOLDER_PATH)/Fintrack_App";
			};
			name = Release;
		};
		7A7530A22D934152000815DA /* Debug */ = {
			isa = XCBuildConfiguration;
			buildSettings = {
				ALWAYS_SEARCH_USER_PATHS = NO;
				ASSETCATALOG_COMPILER_GENERATE_SWIFT_ASSET_SYMBOL_EXTENSIONS = YES;
				CLANG_ANALYZER_NONNULL = YES;
				CLANG_ANALYZER_NUMBER_OBJECT_CONVERSION = YES_AGGRESSIVE;
				CLANG_CXX_LANGUAGE_STANDARD = "gnu++20";
				CLANG_ENABLE_MODULES = YES;
				CLANG_ENABLE_OBJC_ARC = YES;
				CLANG_ENABLE_OBJC_WEAK = YES;
				CLANG_WARN_BLOCK_CAPTURE_AUTORELEASING = YES;
				CLANG_WARN_BOOL_CONVERSION = YES;
				CLANG_WARN_COMMA = YES;
				CLANG_WARN_CONSTANT_CONVERSION = YES;
				CLANG_WARN_DEPRECATED_OBJC_IMPLEMENTATIONS = YES;
				CLANG_WARN_DIRECT_OBJC_ISA_USAGE = YES_ERROR;
				CLANG_WARN_DOCUMENTATION_COMMENTS = YES;
				CLANG_WARN_EMPTY_BODY = YES;
				CLANG_WARN_ENUM_CONVERSION = YES;
				CLANG_WARN_INFINITE_RECURSION = YES;
				CLANG_WARN_INT_CONVERSION = YES;
				CLANG_WARN_NON_LITERAL_NULL_CONVERSION = YES;
				CLANG_WARN_OBJC_IMPLICIT_RETAIN_SELF = YES;
				CLANG_WARN_OBJC_LITERAL_CONVERSION = YES;
				CLANG_WARN_OBJC_ROOT_CLASS = YES_ERROR;
				CLANG_WARN_QUOTED_INCLUDE_IN_FRAMEWORK_HEADER = YES;
				CLANG_WARN_RANGE_LOOP_ANALYSIS = YES;
				CLANG_WARN_STRICT_PROTOTYPES = YES;
				CLANG_WARN_SUSPICIOUS_MOVE = YES;
				CLANG_WARN_UNGUARDED_AVAILABILITY = YES_AGGRESSIVE;
				CLANG_WARN_UNREACHABLE_CODE = YES;
				CLANG_WARN__DUPLICATE_METHOD_MATCH = YES;
				COPY_PHASE_STRIP = NO;
				DEBUG_INFORMATION_FORMAT = dwarf;
				ENABLE_STRICT_OBJC_MSGSEND = YES;
				ENABLE_TESTABILITY = YES;
				ENABLE_USER_SCRIPT_SANDBOXING = YES;
				GCC_C_LANGUAGE_STANDARD = gnu17;
				GCC_DYNAMIC_NO_PIC = NO;
				GCC_NO_COMMON_BLOCKS = YES;
				GCC_OPTIMIZATION_LEVEL = 0;
				GCC_PREPROCESSOR_DEFINITIONS = (
					"DEBUG=1",
					"$(inherited)",
				);
				GCC_WARN_64_TO_32_BIT_CONVERSION = YES;
				GCC_WARN_ABOUT_RETURN_TYPE = YES_ERROR;
				GCC_WARN_UNDECLARED_SELECTOR = YES;
				GCC_WARN_UNINITIALIZED_AUTOS = YES_AGGRESSIVE;
				GCC_WARN_UNUSED_FUNCTION = YES;
				GCC_WARN_UNUSED_VARIABLE = YES;
				IPHONEOS_DEPLOYMENT_TARGET = 18.2;
				LOCALIZATION_PREFERS_STRING_CATALOGS = YES;
				MTL_ENABLE_DEBUG_INFO = INCLUDE_SOURCE;
				MTL_FAST_MATH = YES;
				ONLY_ACTIVE_ARCH = YES;
				SDKROOT = iphoneos;
				SWIFT_ACTIVE_COMPILATION_CONDITIONS = "DEBUG $(inherited)";
				SWIFT_OPTIMIZATION_LEVEL = "-Onone";
			};
			name = Debug;
		};
		7A7530A32D934152000815DA /* Release */ = {
			isa = XCBuildConfiguration;
			buildSettings = {
				ALWAYS_SEARCH_USER_PATHS = NO;
				ASSETCATALOG_COMPILER_GENERATE_SWIFT_ASSET_SYMBOL_EXTENSIONS = YES;
				CLANG_ANALYZER_NONNULL = YES;
				CLANG_ANALYZER_NUMBER_OBJECT_CONVERSION = YES_AGGRESSIVE;
				CLANG_CXX_LANGUAGE_STANDARD = "gnu++20";
				CLANG_ENABLE_MODULES = YES;
				CLANG_ENABLE_OBJC_ARC = YES;
				CLANG_ENABLE_OBJC_WEAK = YES;
				CLANG_WARN_BLOCK_CAPTURE_AUTORELEASING = YES;
				CLANG_WARN_BOOL_CONVERSION = YES;
				CLANG_WARN_COMMA = YES;
				CLANG_WARN_CONSTANT_CONVERSION = YES;
				CLANG_WARN_DEPRECATED_OBJC_IMPLEMENTATIONS = YES;
				CLANG_WARN_DIRECT_OBJC_ISA_USAGE = YES_ERROR;
				CLANG_WARN_DOCUMENTATION_COMMENTS = YES;
				CLANG_WARN_EMPTY_BODY = YES;
				CLANG_WARN_ENUM_CONVERSION = YES;
				CLANG_WARN_INFINITE_RECURSION = YES;
				CLANG_WARN_INT_CONVERSION = YES;
				CLANG_WARN_NON_LITERAL_NULL_CONVERSION = YES;
				CLANG_WARN_OBJC_IMPLICIT_RETAIN_SELF = YES;
				CLANG_WARN_OBJC_LITERAL_CONVERSION = YES;
				CLANG_WARN_OBJC_ROOT_CLASS = YES_ERROR;
				CLANG_WARN_QUOTED_INCLUDE_IN_FRAMEWORK_HEADER = YES;
				CLANG_WARN_RANGE_LOOP_ANALYSIS = YES;
				CLANG_WARN_STRICT_PROTOTYPES = YES;
				CLANG_WARN_SUSPICIOUS_MOVE = YES;
				CLANG_WARN_UNGUARDED_AVAILABILITY = YES_AGGRESSIVE;
				CLANG_WARN_UNREACHABLE_CODE = YES;
				CLANG_WARN__DUPLICATE_METHOD_MATCH = YES;
				COPY_PHASE_STRIP = NO;
				DEBUG_INFORMATION_FORMAT = "dwarf-with-dsym";
				ENABLE_NS_ASSERTIONS = NO;
				ENABLE_STRICT_OBJC_MSGSEND = YES;
				ENABLE_USER_SCRIPT_SANDBOXING = YES;
				GCC_C_LANGUAGE_STANDARD = gnu17;
				GCC_NO_COMMON_BLOCKS = YES;
				GCC_WARN_64_TO_32_BIT_CONVERSION = YES;
				GCC_WARN_ABOUT_RETURN_TYPE = YES_ERROR;
				GCC_WARN_UNDECLARED_SELECTOR = YES;
				GCC_WARN_UNINITIALIZED_AUTOS = YES_AGGRESSIVE;
				GCC_WARN_UNUSED_FUNCTION = YES;
				GCC_WARN_UNUSED_VARIABLE = YES;
				IPHONEOS_DEPLOYMENT_TARGET = 18.2;
				LOCALIZATION_PREFERS_STRING_CATALOGS = YES;
				MTL_ENABLE_DEBUG_INFO = NO;
				MTL_FAST_MATH = YES;
				SDKROOT = iphoneos;
				SWIFT_COMPILATION_MODE = wholemodule;
				VALIDATE_PRODUCT = YES;
			};
			name = Release;
		};
		7A7530A52D934152000815DA /* Debug */ = {
			isa = XCBuildConfiguration;
			buildSettings = {
				ASSETCATALOG_COMPILER_APPICON_NAME = AppIcon;
				ASSETCATALOG_COMPILER_GLOBAL_ACCENT_COLOR_NAME = AccentColor;
				CODE_SIGN_STYLE = Automatic;
				CURRENT_PROJECT_VERSION = 1;
				DEVELOPMENT_ASSET_PATHS = "\"Fintrack_App/Preview Content\"";
				ENABLE_PREVIEWS = YES;
				GENERATE_INFOPLIST_FILE = YES;
				INFOPLIST_KEY_UIApplicationSceneManifest_Generation = YES;
				INFOPLIST_KEY_UIApplicationSupportsIndirectInputEvents = YES;
				INFOPLIST_KEY_UILaunchScreen_Generation = YES;
				INFOPLIST_KEY_UISupportedInterfaceOrientations_iPad = "UIInterfaceOrientationPortrait UIInterfaceOrientationPortraitUpsideDown UIInterfaceOrientationLandscapeLeft UIInterfaceOrientationLandscapeRight";
				INFOPLIST_KEY_UISupportedInterfaceOrientations_iPhone = "UIInterfaceOrientationPortrait UIInterfaceOrientationLandscapeLeft UIInterfaceOrientationLandscapeRight";
				LD_RUNPATH_SEARCH_PATHS = (
					"$(inherited)",
					"@executable_path/Frameworks",
				);
				MARKETING_VERSION = 1.0;
				PRODUCT_BUNDLE_IDENTIFIER = "-11-group-4.Fintrack-App";
				PRODUCT_NAME = "$(TARGET_NAME)";
				SWIFT_EMIT_LOC_STRINGS = YES;
				SWIFT_VERSION = 5.0;
				TARGETED_DEVICE_FAMILY = "1,2";
			};
			name = Debug;
		};
		7A7530A62D934152000815DA /* Release */ = {
			isa = XCBuildConfiguration;
			buildSettings = {
				ASSETCATALOG_COMPILER_APPICON_NAME = AppIcon;
				ASSETCATALOG_COMPILER_GLOBAL_ACCENT_COLOR_NAME = AccentColor;
				CODE_SIGN_STYLE = Automatic;
				CURRENT_PROJECT_VERSION = 1;
				DEVELOPMENT_ASSET_PATHS = "\"Fintrack_App/Preview Content\"";
				ENABLE_PREVIEWS = YES;
				GENERATE_INFOPLIST_FILE = YES;
				INFOPLIST_KEY_UIApplicationSceneManifest_Generation = YES;
				INFOPLIST_KEY_UIApplicationSupportsIndirectInputEvents = YES;
				INFOPLIST_KEY_UILaunchScreen_Generation = YES;
				INFOPLIST_KEY_UISupportedInterfaceOrientations_iPad = "UIInterfaceOrientationPortrait UIInterfaceOrientationPortraitUpsideDown UIInterfaceOrientationLandscapeLeft UIInterfaceOrientationLandscapeRight";
				INFOPLIST_KEY_UISupportedInterfaceOrientations_iPhone = "UIInterfaceOrientationPortrait UIInterfaceOrientationLandscapeLeft UIInterfaceOrientationLandscapeRight";
				LD_RUNPATH_SEARCH_PATHS = (
					"$(inherited)",
					"@executable_path/Frameworks",
				);
				MARKETING_VERSION = 1.0;
				PRODUCT_BUNDLE_IDENTIFIER = "-11-group-4.Fintrack-App";
				PRODUCT_NAME = "$(TARGET_NAME)";
				SWIFT_EMIT_LOC_STRINGS = YES;
				SWIFT_VERSION = 5.0;
				TARGETED_DEVICE_FAMILY = "1,2";
			};
			name = Release;
		};
/* End XCBuildConfiguration section */

/* Begin XCConfigurationList section */
		7A072C1F2DC4725500984263 /* Build configuration list for PBXNativeTarget "Fintrack_AppTests" */ = {
			isa = XCConfigurationList;
			buildConfigurations = (
				7A072C202DC4725500984263 /* Debug */,
				7A072C212DC4725500984263 /* Release */,
			);
			defaultConfigurationIsVisible = 0;
			defaultConfigurationName = Release;
		};
		7A7530912D93414F000815DA /* Build configuration list for PBXProject "Fintrack_App" */ = {
			isa = XCConfigurationList;
			buildConfigurations = (
				7A7530A22D934152000815DA /* Debug */,
				7A7530A32D934152000815DA /* Release */,
			);
			defaultConfigurationIsVisible = 0;
			defaultConfigurationName = Release;
		};
		7A7530A42D934152000815DA /* Build configuration list for PBXNativeTarget "Fintrack_App" */ = {
			isa = XCConfigurationList;
			buildConfigurations = (
				7A7530A52D934152000815DA /* Debug */,
				7A7530A62D934152000815DA /* Release */,
			);
			defaultConfigurationIsVisible = 0;
			defaultConfigurationName = Release;
		};
/* End XCConfigurationList section */

/* Begin XCRemoteSwiftPackageReference section */
		7A7530A92D95E688000815DA /* XCRemoteSwiftPackageReference "firebase-ios-sdk" */ = {
			isa = XCRemoteSwiftPackageReference;
			repositoryURL = "https://github.com/firebase/firebase-ios-sdk";
			requirement = {
				kind = upToNextMajorVersion;
				minimumVersion = 11.10.0;
			};
		};
/* End XCRemoteSwiftPackageReference section */

/* Begin XCSwiftPackageProductDependency section */
		7A7530AA2D95E688000815DA /* FirebaseAnalytics */ = {
			isa = XCSwiftPackageProductDependency;
			package = 7A7530A92D95E688000815DA /* XCRemoteSwiftPackageReference "firebase-ios-sdk" */;
			productName = FirebaseAnalytics;
		};
		7A7530AC2D95E688000815DA /* FirebaseAuth */ = {
			isa = XCSwiftPackageProductDependency;
			package = 7A7530A92D95E688000815DA /* XCRemoteSwiftPackageReference "firebase-ios-sdk" */;
			productName = FirebaseAuth;
		};
		7A7530AE2D95E688000815DA /* FirebaseCrashlytics */ = {
			isa = XCSwiftPackageProductDependency;
			package = 7A7530A92D95E688000815DA /* XCRemoteSwiftPackageReference "firebase-ios-sdk" */;
			productName = FirebaseCrashlytics;
		};
		7A7530B02D95E688000815DA /* FirebaseFirestore */ = {
			isa = XCSwiftPackageProductDependency;
			package = 7A7530A92D95E688000815DA /* XCRemoteSwiftPackageReference "firebase-ios-sdk" */;
			productName = FirebaseFirestore;
		};
		7A7530B22D95E688000815DA /* FirebaseStorage */ = {
			isa = XCSwiftPackageProductDependency;
			package = 7A7530A92D95E688000815DA /* XCRemoteSwiftPackageReference "firebase-ios-sdk" */;
			productName = FirebaseStorage;
		};
/* End XCSwiftPackageProductDependency section */
	};
	rootObject = 7A75308E2D93414F000815DA /* Project object */;
}
